// !$*UTF8*$!
{
	archiveVersion = 1;
	classes = {
	};
	objectVersion = 77;
	objects = {

/* Begin PBXContainerItemProxy section */
		E672A6BB2FB34C35002D1AF1 /* PBXContainerItemProxy */ = {
			isa = PBXContainerItemProxy;
			containerPortal = E672A69C2FB34C34002D1AF1 /* Project object */;
			proxyType = 1;
			remoteGlobalIDString = E672A6A32FB34C34002D1AF1;
			remoteInfo = FileDeserializeBenchmarking;
		};
		E672A6C52FB34C35002D1AF1 /* PBXContainerItemProxy */ = {
			isa = PBXContainerItemProxy;
			containerPortal = E672A69C2FB34C34002D1AF1 /* Project object */;
			proxyType = 1;
			remoteGlobalIDString = E672A6A32FB34C34002D1AF1;
			remoteInfo = FileDeserializeBenchmarking;
		};
/* End PBXContainerItemProxy section */

/* Begin PBXFileReference section */
		E672A6A42FB34C34002D1AF1 /* FileDeserializeBenchmarking.app */ = {isa = PBXFileReference; explicitFileType = wrapper.application; includeInIndex = 0; path = FileDeserializeBenchmarking.app; sourceTree = BUILT_PRODUCTS_DIR; };
		E672A6BA2FB34C35002D1AF1 /* FileDeserializeBenchmarkingTests.xctest */ = {isa = PBXFileReference; explicitFileType = wrapper.cfbundle; includeInIndex = 0; path = FileDeserializeBenchmarkingTests.xctest; sourceTree = BUILT_PRODUCTS_DIR; };
		E672A6C42FB34C35002D1AF1 /* FileDeserializeBenchmarkingUITests.xctest */ = {isa = PBXFileReference; explicitFileType = wrapper.cfbundle; includeInIndex = 0; path = FileDeserializeBenchmarkingUITests.xctest; sourceTree = BUILT_PRODUCTS_DIR; };
/* End PBXFileReference section */

/* Begin PBXFileSystemSynchronizedBuildFileExceptionSet section */
		E672A6CC2FB34C35002D1AF1 /* Exceptions for "FileDeserializeBenchmarking" folder in "FileDeserializeBenchmarking" target */ = {
			isa = PBXFileSystemSynchronizedBuildFileExceptionSet;
			membershipExceptions = (
				Info.plist,
			);
			target = E672A6A32FB34C34002D1AF1 /* FileDeserializeBenchmarking */;
		};
/* End PBXFileSystemSynchronizedBuildFileExceptionSet section */

/* Begin PBXFileSystemSynchronizedRootGroup section */
		E672A6A62FB34C34002D1AF1 /* FileDeserializeBenchmarking */ = {
			isa = PBXFileSystemSynchronizedRootGroup;
			exceptions = (
				E672A6CC2FB34C35002D1AF1 /* Exceptions for "FileDeserializeBenchmarking" folder in "FileDeserializeBenchmarking" target */,
			);
			path = FileDeserializeBenchmarking;
			sourceTree = "<group>";
		};
		E672A6BD2FB34C35002D1AF1 /* FileDeserializeBenchmarkingTests */ = {
			isa = PBXFileSystemSynchronizedRootGroup;
			path = FileDeserializeBenchmarkingTests;
			sourceTree = "<group>";
		};
		E672A6C72FB34C35002D1AF1 /* FileDeserializeBenchmarkingUITests */ = {
			isa = PBXFileSystemSynchronizedRootGroup;
			path = FileDeserializeBenchmarkingUITests;
			sourceTree = "<group>";
		};
/* End PBXFileSystemSynchronizedRootGroup section */

/* Begin PBXFrameworksBuildPhase section */
		E672A6A12FB34C34002D1AF1 /* Frameworks */ = {
			isa = PBXFrameworksBuildPhase;
			buildActionMask = 2147483647;
			files = (
			);
			runOnlyForDeploymentPostprocessing = 0;
		};
		E672A6B72FB34C35002D1AF1 /* Frameworks */ = {
			isa = PBXFrameworksBuildPhase;
			buildActionMask = 2147483647;
			files = (
			);
			runOnlyForDeploymentPostprocessing = 0;
		};
		E672A6C12FB34C35002D1AF1 /* Frameworks */ = {
			isa = PBXFrameworksBuildPhase;
			buildActionMask = 2147483647;
			files = (
			);
			runOnlyForDeploymentPostprocessing = 0;
		};
/* End PBXFrameworksBuildPhase section */

/* Begin PBXGroup section */
		E672A69B2FB34C34002D1AF1 = {
			isa = PBXGroup;
			children = (
				E672A6A62FB34C34002D1AF1 /* FileDeserializeBenchmarking */,
				E672A6BD2FB34C35002D1AF1 /* FileDeserializeBenchmarkingTests */,
				E672A6C72FB34C35002D1AF1 /* FileDeserializeBenchmarkingUITests */,
				E672A6A52FB34C34002D1AF1 /* Products */,
			);
			sourceTree = "<group>";
		};
		E672A6A52FB34C34002D1AF1 /* Products */ = {
			isa = PBXGroup;
			children = (
				E672A6A42FB34C34002D1AF1 /* FileDeserializeBenchmarking.app */,
				E672A6BA2FB34C35002D1AF1 /* FileDeserializeBenchmarkingTests.xctest */,
				E672A6C42FB34C35002D1AF1 /* FileDeserializeBenchmarkingUITests.xctest */,
			);
			name = Products;
			sourceTree = "<group>";
		};
/* End PBXGroup section */

/* Begin PBXNativeTarget section */
		E672A6A32FB34C34002D1AF1 /* FileDeserializeBenchmarking */ = {
			isa = PBXNativeTarget;
			buildConfigurationList = E672A6CD2FB34C35002D1AF1 /* Build configuration list for PBXNativeTarget "FileDeserializeBenchmarking" */;
			buildPhases = (
				E672A6A02FB34C34002D1AF1 /* Sources */,
				E672A6A12FB34C34002D1AF1 /* Frameworks */,
				E672A6A22FB34C34002D1AF1 /* Resources */,
			);
			buildRules = (
			);
			dependencies = (
			);
			fileSystemSynchronizedGroups = (
				E672A6A62FB34C34002D1AF1 /* FileDeserializeBenchmarking */,
			);
			name = FileDeserializeBenchmarking;
			packageProductDependencies = (
			);
			productName = FileDeserializeBenchmarking;
			productReference = E672A6A42FB34C34002D1AF1 /* FileDeserializeBenchmarking.app */;
			productType = "com.apple.product-type.application";
		};
		E672A6B92FB34C35002D1AF1 /* FileDeserializeBenchmarkingTests */ = {
			isa = PBXNativeTarget;
			buildConfigurationList = E672A6D22FB34C35002D1AF1 /* Build configuration list for PBXNativeTarget "FileDeserializeBenchmarkingTests" */;
			buildPhases = (
				E672A6B62FB34C35002D1AF1 /* Sources */,
				E672A6B72FB34C35002D1AF1 /* Frameworks */,
				E672A6B82FB34C35002D1AF1 /* Resources */,
			);
			buildRules = (
			);
			dependencies = (
				E672A6BC2FB34C35002D1AF1 /* PBXTargetDependency */,
			);
			fileSystemSynchronizedGroups = (
				E672A6BD2FB34C35002D1AF1 /* FileDeserializeBenchmarkingTests */,
			);
			name = FileDeserializeBenchmarkingTests;
			packageProductDependencies = (
			);
			productName = FileDeserializeBenchmarkingTests;
			productReference = E672A6BA2FB34C35002D1AF1 /* FileDeserializeBenchmarkingTests.xctest */;
			productType = "com.apple.product-type.bundle.unit-test";
		};
		E672A6C32FB34C35002D1AF1 /* FileDeserializeBenchmarkingUITests */ = {
			isa = PBXNativeTarget;
			buildConfigurationList = E672A6D52FB34C35002D1AF1 /* Build configuration list for PBXNativeTarget "FileDeserializeBenchmarkingUITests" */;
			buildPhases = (
				E672A6C02FB34C35002D1AF1 /* Sources */,
				E672A6C12FB34C35002D1AF1 /* Frameworks */,
				E672A6C22FB34C35002D1AF1 /* Resources */,
			);
			buildRules = (
			);
			dependencies = (
				E672A6C62FB34C35002D1AF1 /* PBXTargetDependency */,
			);
			fileSystemSynchronizedGroups = (
				E672A6C72FB34C35002D1AF1 /* FileDeserializeBenchmarkingUITests */,
			);
			name = FileDeserializeBenchmarkingUITests;
			packageProductDependencies = (
			);
			productName = FileDeserializeBenchmarkingUITests;
			productReference = E672A6C42FB34C35002D1AF1 /* FileDeserializeBenchmarkingUITests.xctest */;
			productType = "com.apple.product-type.bundle.ui-testing";
		};
/* End PBXNativeTarget section */

/* Begin PBXProject section */
		E672A69C2FB34C34002D1AF1 /* Project object */ = {
			isa = PBXProject;
			attributes = {
				BuildIndependentTargetsInParallel = 1;
				LastSwiftUpdateCheck = 1630;
				LastUpgradeCheck = 1630;
				TargetAttributes = {
					E672A6A32FB34C34002D1AF1 = {
						CreatedOnToolsVersion = 16.3;
					};
					E672A6B92FB34C35002D1AF1 = {
						CreatedOnToolsVersion = 16.3;
						TestTargetID = E672A6A32FB34C34002D1AF1;
					};
					E672A6C32FB34C35002D1AF1 = {
						CreatedOnToolsVersion = 16.3;
						TestTargetID = E672A6A32FB34C34002D1AF1;
					};
				};
			};
			buildConfigurationList = E672A69F2FB34C34002D1AF1 /* Build configuration list for PBXProject "FileDeserializeBenchmarking" */;
			developmentRegion = en;
			hasScannedForEncodings = 0;
			knownRegions = (
				en,
				Base,
			);
			mainGroup = E672A69B2FB34C34002D1AF1;
			minimizedProjectReferenceProxies = 1;
			preferredProjectObjectVersion = 77;
			productRefGroup = E672A6A52FB34C34002D1AF1 /* Products */;
			projectDirPath = "";
			projectRoot = "";
			targets = (
				E672A6A32FB34C34002D1AF1 /* FileDeserializeBenchmarking */,
				E672A6B92FB34C35002D1AF1 /* FileDeserializeBenchmarkingTests */,
				E672A6C32FB34C35002D1AF1 /* FileDeserializeBenchmarkingUITests */,
			);
		};
/* End PBXProject section */

/* Begin PBXResourcesBuildPhase section */
		E672A6A22FB34C34002D1AF1 /* Resources */ = {
			isa = PBXResourcesBuildPhase;
			buildActionMask = 2147483647;
			files = (
			);
			runOnlyForDeploymentPostprocessing = 0;
		};
		E672A6B82FB34C35002D1AF1 /* Resources */ = {
			isa = PBXResourcesBuildPhase;
			buildActionMask = 2147483647;
			files = (
			);
			runOnlyForDeploymentPostprocessing = 0;
		};
		E672A6C22FB34C35002D1AF1 /* Resources */ = {
			isa = PBXResourcesBuildPhase;
			buildActionMask = 2147483647;
			files = (
			);
			runOnlyForDeploymentPostprocessing = 0;
		};
/* End PBXResourcesBuildPhase section */

/* Begin PBXSourcesBuildPhase section */
		E672A6A02FB34C34002D1AF1 /* Sources */ = {
			isa = PBXSourcesBuildPhase;
			buildActionMask = 2147483647;
			files = (
			);
			runOnlyForDeploymentPostprocessing = 0;
		};
		E672A6B62FB34C35002D1AF1 /* Sources */ = {
			isa = PBXSourcesBuildPhase;
			buildActionMask = 2147483647;
			files = (
			);
			runOnlyForDeploymentPostprocessing = 0;
		};
		E672A6C02FB34C35002D1AF1 /* Sources */ = {
			isa = PBXSourcesBuildPhase;
			buildActionMask = 2147483647;
			files = (
			);
			runOnlyForDeploymentPostprocessing = 0;
		};
/* End PBXSourcesBuildPhase section */

/* Begin PBXTargetDependency section */
		E672A6BC2FB34C35002D1AF1 /* PBXTargetDependency */ = {
			isa = PBXTargetDependency;
			target = E672A6A32FB34C34002D1AF1 /* FileDeserializeBenchmarking */;
			targetProxy = E672A6BB2FB34C35002D1AF1 /* PBXContainerItemProxy */;
		};
		E672A6C62FB34C35002D1AF1 /* PBXTargetDependency */ = {
			isa = PBXTargetDependency;
			target = E672A6A32FB34C34002D1AF1 /* FileDeserializeBenchmarking */;
			targetProxy = E672A6C52FB34C35002D1AF1 /* PBXContainerItemProxy */;
		};
/* End PBXTargetDependency section */

/* Begin XCBuildConfiguration section */
		E672A6CE2FB34C35002D1AF1 /* Debug */ = {
			isa = XCBuildConfiguration;
			buildSettings = {
				ASSETCATALOG_COMPILER_APPICON_NAME = AppIcon;
				ASSETCATALOG_COMPILER_GLOBAL_ACCENT_COLOR_NAME = AccentColor;
				CODE_SIGN_STYLE = Automatic;
				CURRENT_PROJECT_VERSION = 1;
				GENERATE_INFOPLIST_FILE = YES;
				INFOPLIST_FILE = FileDeserializeBenchmarking/Info.plist;
				INFOPLIST_KEY_UIApplicationSupportsIndirectInputEvents = YES;
				INFOPLIST_KEY_UILaunchStoryboardName = LaunchScreen;
				INFOPLIST_KEY_UIMainStoryboardFile = Main;
				INFOPLIST_KEY_UISupportedInterfaceOrientations_iPad = "UIInterfaceOrientationPortrait UIInterfaceOrientationPortraitUpsideDown UIInterfaceOrientationLandscapeLeft UIInterfaceOrientationLandscapeRight";
				INFOPLIST_KEY_UISupportedInterfaceOrientations_iPhone = "UIInterfaceOrientationPortrait UIInterfaceOrientationLandscapeLeft UIInterfaceOrientationLandscapeRight";
				LD_RUNPATH_SEARCH_PATHS = (
					"$(inherited)",
					"@executable_path/Frameworks",
				);
				MARKETING_VERSION = 1.0;
				PRODUCT_BUNDLE_IDENTIFIER = com.whackylabs.FileDeserializeBenchmarking;
				PRODUCT_NAME = "$(TARGET_NAME)";
				SWIFT_EMIT_LOC_STRINGS = YES;
				SWIFT_VERSION = 5.0;
				TARGETED_DEVICE_FAMILY = "1,2";
			};
			name = Debug;
		};
		E672A6CF2FB34C35002D1AF1 /* Release */ = {
			isa = XCBuildConfiguration;
			buildSettings = {
				ASSETCATALOG_COMPILER_APPICON_NAME = AppIcon;
				ASSETCATALOG_COMPILER_GLOBAL_ACCENT_COLOR_NAME = AccentColor;
				CODE_SIGN_STYLE = Automatic;
				CURRENT_PROJECT_VERSION = 1;
				GENERATE_INFOPLIST_FILE = YES;
				INFOPLIST_FILE = FileDeserializeBenchmarking/Info.plist;
				INFOPLIST_KEY_UIApplicationSupportsIndirectInputEvents = YES;
				INFOPLIST_KEY_UILaunchStoryboardName = LaunchScreen;
				INFOPLIST_KEY_UIMainStoryboardFile = Main;
				INFOPLIST_KEY_UISupportedInterfaceOrientations_iPad = "UIInterfaceOrientationPortrait UIInterfaceOrientationPortraitUpsideDown UIInterfaceOrientationLandscapeLeft UIInterfaceOrientationLandscapeRight";
				INFOPLIST_KEY_UISupportedInterfaceOrientations_iPhone = "UIInterfaceOrientationPortrait UIInterfaceOrientationLandscapeLeft UIInterfaceOrientationLandscapeRight";
				LD_RUNPATH_SEARCH_PATHS = (
					"$(inherited)",
					"@executable_path/Frameworks",
				);
				MARKETING_VERSION = 1.0;
				PRODUCT_BUNDLE_IDENTIFIER = com.whackylabs.FileDeserializeBenchmarking;
				PRODUCT_NAME = "$(TARGET_NAME)";
				SWIFT_EMIT_LOC_STRINGS = YES;
				SWIFT_VERSION = 5.0;
				TARGETED_DEVICE_FAMILY = "1,2";
			};
			name = Release;
		};
		E672A6D02FB34C35002D1AF1 /* Debug */ = {
			isa = XCBuildConfiguration;
			buildSettings = {
				ALWAYS_SEARCH_USER_PATHS = NO;
				ASSETCATALOG_COMPILER_GENERATE_SWIFT_ASSET_SYMBOL_EXTENSIONS = YES;
				CLANG_ANALYZER_NONNULL = YES;
				CLANG_ANALYZER_NUMBER_OBJECT_CONVERSION = YES_AGGRESSIVE;
				CLANG_CXX_LANGUAGE_STANDARD = "gnu++20";
				CLANG_ENABLE_MODULES = YES;
				CLANG_ENABLE_OBJC_ARC = YES;
				CLANG_ENABLE_OBJC_WEAK = YES;
				CLANG_WARN_BLOCK_CAPTURE_AUTORELEASING = YES;
				CLANG_WARN_BOOL_CONVERSION = YES;
				CLANG_WARN_COMMA = YES;
				CLANG_WARN_CONSTANT_CONVERSION = YES;
				CLANG_WARN_DEPRECATED_OBJC_IMPLEMENTATIONS = YES;
				CLANG_WARN_DIRECT_OBJC_ISA_USAGE = YES_ERROR;
				CLANG_WARN_DOCUMENTATION_COMMENTS = YES;
				CLANG_WARN_EMPTY_BODY = YES;
				CLANG_WARN_ENUM_CONVERSION = YES;
				CLANG_WARN_INFINITE_RECURSION = YES;
				CLANG_WARN_INT_CONVERSION = YES;
				CLANG_WARN_NON_LITERAL_NULL_CONVERSION = YES;
				CLANG_WARN_OBJC_IMPLICIT_RETAIN_SELF = YES;
				CLANG_WARN_OBJC_LITERAL_CONVERSION = YES;
				CLANG_WARN_OBJC_ROOT_CLASS = YES_ERROR;
				CLANG_WARN_QUOTED_INCLUDE_IN_FRAMEWORK_HEADER = YES;
				CLANG_WARN_RANGE_LOOP_ANALYSIS = YES;
				CLANG_WARN_STRICT_PROTOTYPES = YES;
				CLANG_WARN_SUSPICIOUS_MOVE = YES;
				CLANG_WARN_UNGUARDED_AVAILABILITY = YES_AGGRESSIVE;
				CLANG_WARN_UNREACHABLE_CODE = YES;
				CLANG_WARN__DUPLICATE_METHOD_MATCH = YES;
				COPY_PHASE_STRIP = NO;
				DEBUG_INFORMATION_FORMAT = dwarf;
				ENABLE_STRICT_OBJC_MSGSEND = YES;
				ENABLE_TESTABILITY = YES;
				ENABLE_USER_SCRIPT_SANDBOXING = YES;
				GCC_C_LANGUAGE_STANDARD = gnu17;
				GCC_DYNAMIC_NO_PIC = NO;
				GCC_NO_COMMON_BLOCKS = YES;
				GCC_OPTIMIZATION_LEVEL = 0;
				GCC_PREPROCESSOR_DEFINITIONS = (
					"DEBUG=1",
					"$(inherited)",
				);
				GCC_WARN_64_TO_32_BIT_CONVERSION = YES;
				GCC_WARN_ABOUT_RETURN_TYPE = YES_ERROR;
				GCC_WARN_UNDECLARED_SELECTOR = YES;
				GCC_WARN_UNINITIALIZED_AUTOS = YES_AGGRESSIVE;
				GCC_WARN_UNUSED_FUNCTION = YES;
				GCC_WARN_UNUSED_VARIABLE = YES;
				IPHONEOS_DEPLOYMENT_TARGET = 18.4;
				LOCALIZATION_PREFERS_STRING_CATALOGS = YES;
				MTL_ENABLE_DEBUG_INFO = INCLUDE_SOURCE;
				MTL_FAST_MATH = YES;
				ONLY_ACTIVE_ARCH = YES;
				SDKROOT = iphoneos;
				SWIFT_ACTIVE_COMPILATION_CONDITIONS = "DEBUG $(inherited)";
				SWIFT_OPTIMIZATION_LEVEL = "-Onone";
			};
			name = Debug;
		};
		E672A6D12FB34C35002D1AF1 /* Release */ = {
			isa = XCBuildConfiguration;
			buildSettings = {
				ALWAYS_SEARCH_USER_PATHS = NO;
				ASSETCATALOG_COMPILER_GENERATE_SWIFT_ASSET_SYMBOL_EXTENSIONS = YES;
				CLANG_ANALYZER_NONNULL = YES;
				CLANG_ANALYZER_NUMBER_OBJECT_CONVERSION = YES_AGGRESSIVE;
				CLANG_CXX_LANGUAGE_STANDARD = "gnu++20";
				CLANG_ENABLE_MODULES = YES;
				CLANG_ENABLE_OBJC_ARC = YES;
				CLANG_ENABLE_OBJC_WEAK = YES;
				CLANG_WARN_BLOCK_CAPTURE_AUTORELEASING = YES;
				CLANG_WARN_BOOL_CONVERSION = YES;
				CLANG_WARN_COMMA = YES;
				CLANG_WARN_CONSTANT_CONVERSION = YES;
				CLANG_WARN_DEPRECATED_OBJC_IMPLEMENTATIONS = YES;
				CLANG_WARN_DIRECT_OBJC_ISA_USAGE = YES_ERROR;
				CLANG_WARN_DOCUMENTATION_COMMENTS = YES;
				CLANG_WARN_EMPTY_BODY = YES;
				CLANG_WARN_ENUM_CONVERSION = YES;
				CLANG_WARN_INFINITE_RECURSION = YES;
				CLANG_WARN_INT_CONVERSION = YES;
				CLANG_WARN_NON_LITERAL_NULL_CONVERSION = YES;
				CLANG_WARN_OBJC_IMPLICIT_RETAIN_SELF = YES;
				CLANG_WARN_OBJC_LITERAL_CONVERSION = YES;
				CLANG_WARN_OBJC_ROOT_CLASS = YES_ERROR;
				CLANG_WARN_QUOTED_INCLUDE_IN_FRAMEWORK_HEADER = YES;
				CLANG_WARN_RANGE_LOOP_ANALYSIS = YES;
				CLANG_WARN_STRICT_PROTOTYPES = YES;
				CLANG_WARN_SUSPICIOUS_MOVE = YES;
				CLANG_WARN_UNGUARDED_AVAILABILITY = YES_AGGRESSIVE;
				CLANG_WARN_UNREACHABLE_CODE = YES;
				CLANG_WARN__DUPLICATE_METHOD_MATCH = YES;
				COPY_PHASE_STRIP = NO;
				DEBUG_INFORMATION_FORMAT = "dwarf-with-dsym";
				ENABLE_NS_ASSERTIONS = NO;
				ENABLE_STRICT_OBJC_MSGSEND = YES;
				ENABLE_USER_SCRIPT_SANDBOXING = YES;
				GCC_C_LANGUAGE_STANDARD = gnu17;
				GCC_NO_COMMON_BLOCKS = YES;
				GCC_WARN_64_TO_32_BIT_CONVERSION = YES;
				GCC_WARN_ABOUT_RETURN_TYPE = YES_ERROR;
				GCC_WARN_UNDECLARED_SELECTOR = YES;
				GCC_WARN_UNINITIALIZED_AUTOS = YES_AGGRESSIVE;
				GCC_WARN_UNUSED_FUNCTION = YES;
				GCC_WARN_UNUSED_VARIABLE = YES;
				IPHONEOS_DEPLOYMENT_TARGET = 18.4;
				LOCALIZATION_PREFERS_STRING_CATALOGS = YES;
				MTL_ENABLE_DEBUG_INFO = NO;
				MTL_FAST_MATH = YES;
				SDKROOT = iphoneos;
				SWIFT_COMPILATION_MODE = wholemodule;
				VALIDATE_PRODUCT = YES;
			};
			name = Release;
		};
		E672A6D32FB34C35002D1AF1 /* Debug */ = {
			isa = XCBuildConfiguration;
			buildSettings = {
				BUNDLE_LOADER = "$(TEST_HOST)";
				CODE_SIGN_STYLE = Automatic;
				CURRENT_PROJECT_VERSION = 1;
				GENERATE_INFOPLIST_FILE = YES;
				IPHONEOS_DEPLOYMENT_TARGET = 18.4;
				MARKETING_VERSION = 1.0;
				PRODUCT_BUNDLE_IDENTIFIER = com.whackylabs.FileDeserializeBenchmarkingTests;
				PRODUCT_NAME = "$(TARGET_NAME)";
				SWIFT_EMIT_LOC_STRINGS = NO;
				SWIFT_VERSION = 5.0;
				TARGETED_DEVICE_FAMILY = "1,2";
				TEST_HOST = "$(BUILT_PRODUCTS_DIR)/FileDeserializeBenchmarking.app/$(BUNDLE_EXECUTABLE_FOLDER_PATH)/FileDeserializeBenchmarking";
			};
			name = Debug;
		};
		E672A6D42FB34C35002D1AF1 /* Release */ = {
			isa = XCBuildConfiguration;
			buildSettings = {
				BUNDLE_LOADER = "$(TEST_HOST)";
				CODE_SIGN_STYLE = Automatic;
				CURRENT_PROJECT_VERSION = 1;
				GENERATE_INFOPLIST_FILE = YES;
				IPHONEOS_DEPLOYMENT_TARGET = 18.4;
				MARKETING_VERSION = 1.0;
				PRODUCT_BUNDLE_IDENTIFIER = com.whackylabs.FileDeserializeBenchmarkingTests;
				PRODUCT_NAME = "$(TARGET_NAME)";
				SWIFT_EMIT_LOC_STRINGS = NO;
				SWIFT_VERSION = 5.0;
				TARGETED_DEVICE_FAMILY = "1,2";
				TEST_HOST = "$(BUILT_PRODUCTS_DIR)/FileDeserializeBenchmarking.app/$(BUNDLE_EXECUTABLE_FOLDER_PATH)/FileDeserializeBenchmarking";
			};
			name = Release;
		};
		E672A6D62FB34C35002D1AF1 /* Debug */ = {
			isa = XCBuildConfiguration;
			buildSettings = {
				CODE_SIGN_STYLE = Automatic;
				CURRENT_PROJECT_VERSION = 1;
				GENERATE_INFOPLIST_FILE = YES;
				MARKETING_VERSION = 1.0;
				PRODUCT_BUNDLE_IDENTIFIER = com.whackylabs.FileDeserializeBenchmarkingUITests;
				PRODUCT_NAME = "$(TARGET_NAME)";
				SWIFT_EMIT_LOC_STRINGS = NO;
				SWIFT_VERSION = 5.0;
				TARGETED_DEVICE_FAMILY = "1,2";
				TEST_TARGET_NAME = FileDeserializeBenchmarking;
			};
			name = Debug;
		};
		E672A6D72FB34C35002D1AF1 /* Release */ = {
			isa = XCBuildConfiguration;
			buildSettings = {
				CODE_SIGN_STYLE = Automatic;
				CURRENT_PROJECT_VERSION = 1;
				GENERATE_INFOPLIST_FILE = YES;
				MARKETING_VERSION = 1.0;
				PRODUCT_BUNDLE_IDENTIFIER = com.whackylabs.FileDeserializeBenchmarkingUITests;
				PRODUCT_NAME = "$(TARGET_NAME)";
				SWIFT_EMIT_LOC_STRINGS = NO;
				SWIFT_VERSION = 5.0;
				TARGETED_DEVICE_FAMILY = "1,2";
				TEST_TARGET_NAME = FileDeserializeBenchmarking;
			};
			name = Release;
		};
/* End XCBuildConfiguration section */

/* Begin XCConfigurationList section */
		E672A69F2FB34C34002D1AF1 /* Build configuration list for PBXProject "FileDeserializeBenchmarking" */ = {
			isa = XCConfigurationList;
			buildConfigurations = (
				E672A6D02FB34C35002D1AF1 /* Debug */,
				E672A6D12FB34C35002D1AF1 /* Release */,
			);
			defaultConfigurationIsVisible = 0;
			defaultConfigurationName = Release;
		};
		E672A6CD2FB34C35002D1AF1 /* Build configuration list for PBXNativeTarget "FileDeserializeBenchmarking" */ = {
			isa = XCConfigurationList;
			buildConfigurations = (
				E672A6CE2FB34C35002D1AF1 /* Debug */,
				E672A6CF2FB34C35002D1AF1 /* Release */,
			);
			defaultConfigurationIsVisible = 0;
			defaultConfigurationName = Release;
		};
		E672A6D22FB34C35002D1AF1 /* Build configuration list for PBXNativeTarget "FileDeserializeBenchmarkingTests" */ = {
			isa = XCConfigurationList;
			buildConfigurations = (
				E672A6D32FB34C35002D1AF1 /* Debug */,
				E672A6D42FB34C35002D1AF1 /* Release */,
			);
			defaultConfigurationIsVisible = 0;
			defaultConfigurationName = Release;
		};
		E672A6D52FB34C35002D1AF1 /* Build configuration list for PBXNativeTarget "FileDeserializeBenchmarkingUITests" */ = {
			isa = XCConfigurationList;
			buildConfigurations = (
				E672A6D62FB34C35002D1AF1 /* Debug */,
				E672A6D72FB34C35002D1AF1 /* Release */,
			);
			defaultConfigurationIsVisible = 0;
			defaultConfigurationName = Release;
		};
/* End XCConfigurationList section */
	};
	rootObject = E672A69C2FB34C34002D1AF1 /* Project object */;
}
